
Microsoft Visual Studio Solution File, Format Version 12.00
# Visual Studio Version 17
VisualStudioVersion = 17.6.33815.320
MinimumVisualStudioVersion = 10.0.40219.1
Project("{FAE04EC0-301F-11D3-BF4B-00C04F79EFBC}") = "Bank", "Bank\Bank.csproj", "{F1ACE4C8-ED5E-48F1-B08C-4ED3344E0265}"
EndProject
Project("{FAE04EC0-301F-11D3-BF4B-00C04F79EFBC}") = "BankTests", "BankTests\BankTests.csproj", "{C24DCF82-8017-498D-9447-5B5734EC6539}"
EndProject
Global
	GlobalSection(SolutionConfigurationPlatforms) = preSolution
		Debug|Any CPU = Debug|Any CPU
		Release|Any CPU = Release|Any CPU
	EndGlobalSection
	GlobalSection(ProjectConfigurationPlatforms) = postSolution
		{F1ACE4C8-ED5E-48F1-B08C-4ED3344E0265}.Debug|Any CPU.ActiveCfg = Debug|Any CPU
		{F1ACE4C8-ED5E-48F1-B08C-4ED3344E0265}.Debug|Any CPU.Build.0 = Debug|Any CPU
		{F1ACE4C8-ED5E-48F1-B08C-4ED3344E0265}.Release|Any CPU.ActiveCfg = Release|Any CPU
		{F1ACE4C8-ED5E-48F1-B08C-4ED3344E0265}.Release|Any CPU.Build.0 = Release|Any CPU
		{C24DCF82-8017-498D-9447-5B5734EC6539}.Debug|Any CPU.ActiveCfg = Debug|Any CPU
		{C24DCF82-8017-498D-9447-5B5734EC6539}.Debug|Any CPU.Build.0 = Debug|Any CPU
		{C24DCF82-8017-498D-9447-5B5734EC6539}.Release|Any CPU.ActiveCfg = Release|Any CPU
		{C24DCF82-8017-498D-9447-5B5734EC6539}.Release|Any CPU.Build.0 = Release|Any CPU
	EndGlobalSection
	GlobalSection(SolutionProperties) = preSolution
		HideSolutionNode = FALSE
	EndGlobalSection
	GlobalSection(ExtensibilityGlobals) = postSolution
		SolutionGuid = {4EED6489-7A4A-4623-AA65-088A6F411424}
	EndGlobalSection
EndGlobal
