
Microsoft Visual Studio Solution File, Format Version 12.00
# Visual Studio Version 17
VisualStudioVersion = 17.6.33815.320
MinimumVisualStudioVersion = 10.0.40219.1
Project("{FAE04EC0-301F-11D3-BF4B-00C04F79EFBC}") = "OrderStream", "OrderStream.csproj", "{BD01C9B0-3408-4849-BFCB-13D87476738A}"
EndProject
Global
	GlobalSection(SolutionConfigurationPlatforms) = preSolution
		Debug|Any CPU = Debug|Any CPU
		Release|Any CPU = Release|Any CPU
	EndGlobalSection
	GlobalSection(ProjectConfigurationPlatforms) = postSolution
		{BD01C9B0-3408-4849-BFCB-13D87476738A}.Debug|Any CPU.ActiveCfg = Debug|Any CPU
		{BD01C9B0-3408-4849-BFCB-13D87476738A}.Debug|Any CPU.Build.0 = Debug|Any CPU
		{BD01C9B0-3408-4849-BFCB-13D87476738A}.Release|Any CPU.ActiveCfg = Release|Any CPU
		{BD01C9B0-3408-4849-BFCB-13D87476738A}.Release|Any CPU.Build.0 = Release|Any CPU
	EndGlobalSection
	GlobalSection(SolutionProperties) = preSolution
		HideSolutionNode = FALSE
	EndGlobalSection
	GlobalSection(ExtensibilityGlobals) = postSolution
		SolutionGuid = {37206A05-2A41-4EEA-87CF-CA305F2AC835}
	EndGlobalSection
EndGlobal
